
Microsoft Visual Studio Solution File, Format Version 12.00
# Visual Studio Version 16
VisualStudioVersion = 16.0.30611.23
MinimumVisualStudioVersion = 10.0.40219.1
Project("{9A19103F-16F7-4668-BE54-9A1E7A4F7556}") = "pgbadr", "pgb-adr\pgbadr.csproj", "{197EBF7D-D505-487C-8460-CB10F35C5946}"
EndProject
Project("{FAE04EC0-301F-11D3-BF4B-00C04F79EFBC}") = "UnitTests", "UnitTests\UnitTests.csproj", "{EB8DD5D7-C20D-4713-BD1F-5BCF28D2BFDF}"
EndProject
Global
	GlobalSection(SolutionConfigurationPlatforms) = preSolution
		Debug|Any CPU = Debug|Any CPU
		Release|Any CPU = Release|Any CPU
	EndGlobalSection
	GlobalSection(ProjectConfigurationPlatforms) = postSolution
		{197EBF7D-D505-487C-8460-CB10F35C5946}.Debug|Any CPU.ActiveCfg = Debug|Any CPU
		{197EBF7D-D505-487C-8460-CB10F35C5946}.Debug|Any CPU.Build.0 = Debug|Any CPU
		{197EBF7D-D505-487C-8460-CB10F35C5946}.Release|Any CPU.ActiveCfg = Release|Any CPU
		{197EBF7D-D505-487C-8460-CB10F35C5946}.Release|Any CPU.Build.0 = Release|Any CPU
		{EB8DD5D7-C20D-4713-BD1F-5BCF28D2BFDF}.Debug|Any CPU.ActiveCfg = Debug|Any CPU
		{EB8DD5D7-C20D-4713-BD1F-5BCF28D2BFDF}.Debug|Any CPU.Build.0 = Debug|Any CPU
		{EB8DD5D7-C20D-4713-BD1F-5BCF28D2BFDF}.Release|Any CPU.ActiveCfg = Release|Any CPU
		{EB8DD5D7-C20D-4713-BD1F-5BCF28D2BFDF}.Release|Any CPU.Build.0 = Release|Any CPU
	EndGlobalSection
	GlobalSection(SolutionProperties) = preSolution
		HideSolutionNode = FALSE
	EndGlobalSection
	GlobalSection(ExtensibilityGlobals) = postSolution
		SolutionGuid = {643FB790-1374-4920-88AB-0DDFB3083768}
	EndGlobalSection
EndGlobal
